
Microsoft Visual Studio Solution File, Format Version 12.00
# Visual Studio Version 16
VisualStudioVersion = 16.0.30114.105
MinimumVisualStudioVersion = 10.0.40219.1
Project("{FAE04EC0-301F-11D3-BF4B-00C04F79EFBC}") = "BTree.Domain", "BTree.Domain\BTree.Domain.csproj", "{9EDD31E4-4407-4DA8-9C98-4FCF87024F10}"
EndProject
Project("{FAE04EC0-301F-11D3-BF4B-00C04F79EFBC}") = "BTree.Domain.Tests", "BTree.Domain.Tests\BTree.Domain.Tests.csproj", "{09E7A4B3-F22D-40DB-86C7-DDFEFAC5A7DD}"
EndProject
Global
	GlobalSection(SolutionConfigurationPlatforms) = preSolution
		Debug|Any CPU = Debug|Any CPU
		Release|Any CPU = Release|Any CPU
	EndGlobalSection
	GlobalSection(SolutionProperties) = preSolution
		HideSolutionNode = FALSE
	EndGlobalSection
	GlobalSection(ProjectConfigurationPlatforms) = postSolution
		{9EDD31E4-4407-4DA8-9C98-4FCF87024F10}.Debug|Any CPU.ActiveCfg = Debug|Any CPU
		{9EDD31E4-4407-4DA8-9C98-4FCF87024F10}.Debug|Any CPU.Build.0 = Debug|Any CPU
		{9EDD31E4-4407-4DA8-9C98-4FCF87024F10}.Release|Any CPU.ActiveCfg = Release|Any CPU
		{9EDD31E4-4407-4DA8-9C98-4FCF87024F10}.Release|Any CPU.Build.0 = Release|Any CPU
		{09E7A4B3-F22D-40DB-86C7-DDFEFAC5A7DD}.Debug|Any CPU.ActiveCfg = Debug|Any CPU
		{09E7A4B3-F22D-40DB-86C7-DDFEFAC5A7DD}.Debug|Any CPU.Build.0 = Debug|Any CPU
		{09E7A4B3-F22D-40DB-86C7-DDFEFAC5A7DD}.Release|Any CPU.ActiveCfg = Release|Any CPU
		{09E7A4B3-F22D-40DB-86C7-DDFEFAC5A7DD}.Release|Any CPU.Build.0 = Release|Any CPU
	EndGlobalSection
EndGlobal
